<?xml version="1.0" encoding="utf-8"?>
<Project ToolsVersion="4.0" xmlns="http://schemas.microsoft.com/developer/msbuild/2003">
  <ItemGroup>
    <Filter Include="Source Files">
      <UniqueIdentifier>{4FC737F1-C7A5-4376-A066-2A32D752A2FF}</UniqueIdentifier>
      <Extensions>cpp;c;cc;cxx;def;odl;idl;hpj;bat;asm;asmx</Extensions>
    </Filter>
    <Filter Include="Header Files">
      <UniqueIdentifier>{93995380-89BD-4b04-88EB-625FBE52EBFB}</UniqueIdentifier>
      <Extensions>h;hh;hpp;hxx;hm;inl;inc;ipp;xsd</Extensions>
    </Filter>
    <Filter Include="Resource Files">
      <UniqueIdentifier>{67DA6AB6-F800-4c08-8B7A-83BB121AAD01}</UniqueIdentifier>
      <Extensions>rc;ico;cur;bmp;dlg;rc2;rct;bin;rgs;gif;jpg;jpeg;jpe;resx;tiff;tif;png;wav;mfcribbon-ms</Extensions>
    </Filter>
  </ItemGroup>
  <ItemGroup>
    <ClCompile Include="main.cpp">
      <Filter>Source Files</Filter>
    </ClCompile>
    <ClCompile Include="ShowMenu.cpp">
      <Filter>Source Files</Filter>
    </ClCompile>
    <ClCompile Include="Login.cpp">
      <Filter>Source Files</Filter>
    </ClCompile>
    <ClCompile Include="Change_Pass.cpp">
      <Filter>Source Files</Filter>
    </ClCompile>
    <ClCompile Include="Add_Stu_Manually.cpp">
      <Filter>Source Files</Filter>
    </ClCompile>
    <ClCompile Include="Profile.cpp">
      <Filter>Source Files</Filter>
    </ClCompile>
    <ClCompile Include="ViewListClass.cpp">
      <Filter>Source Files</Filter>
    </ClCompile>
    <ClCompile Include="Edit_Exsiting_Student.cpp">
      <Filter>Source Files</Filter>
    </ClCompile>
    <ClCompile Include="View_Student_in_Class.cpp">
      <Filter>Source Files</Filter>
    </ClCompile>
    <ClCompile Include="Change_stu%27s_class.cpp">
      <Filter>Source Files</Filter>
    </ClCompile>
    <ClCompile Include="Remove_Stu.cpp">
      <Filter>Source Files</Filter>
    </ClCompile>
    <ClCompile Include="Create_semester.cpp">
      <Filter>Source Files</Filter>
    </ClCompile>
    <ClCompile Include="DateFunction.cpp">
      <Filter>Source Files</Filter>
    </ClCompile>
    <ClCompile Include="Import_Course_Schedule.cpp">
      <Filter>Source Files</Filter>
    </ClCompile>
    <ClCompile Include="Remove_Course.cpp">
      <Filter>Source Files</Filter>
    </ClCompile>
    <ClCompile Include="View_Course.cpp">
      <Filter>Source Files</Filter>
    </ClCompile>
  </ItemGroup>
  <ItemGroup>
    <ClInclude Include="Declarations.h">
      <Filter>Resource Files</Filter>
    </ClInclude>
  </ItemGroup>
  <ItemGroup>
    <Text Include="Student.txt">
      <Filter>Source Files</Filter>
    </Text>
    <Text Include="Staff.txt">
      <Filter>Source Files</Filter>
    </Text>
    <Text Include="Lecturer.txt">
      <Filter>Source Files</Filter>
    </Text>
    <Text Include="temp.txt">
      <Filter>Source Files</Filter>
    </Text>
    <Text Include="Student-19CLC5.txt">
      <Filter>Source Files</Filter>
    </Text>
    <Text Include="Class.txt">
      <Filter>Source Files</Filter>
    </Text>
    <Text Include="Semester.txt">
      <Filter>Source Files</Filter>
    </Text>
  </ItemGroup>
  <ItemGroup>
    <None Include="19CLC5-Schedule.csv">
      <Filter>Source Files</Filter>
    </None>
  </ItemGroup>
</Project>